
Microsoft Visual Studio Solution File, Format Version 12.00
# Visual Studio Version 17
VisualStudioVersion = 17.7.34018.315
MinimumVisualStudioVersion = 10.0.40219.1
Project("{2150E333-8FDC-42A3-9474-1A3956D46DE8}") = "Week 1", "Week 1", "{4C743463-1D06-4936-B09B-14CCC2C5B23D}"
EndProject
Project("{2150E333-8FDC-42A3-9474-1A3956D46DE8}") = "Week 2", "Week 2", "{5B2C9958-4833-4B4D-830B-48CE96A0311C}"
EndProject
Project("{2150E333-8FDC-42A3-9474-1A3956D46DE8}") = "Week 3", "Week 3", "{2DA45326-961F-410A-891D-04AA31308B2F}"
EndProject
Project("{2150E333-8FDC-42A3-9474-1A3956D46DE8}") = "Week 4", "Week 4", "{DC129A52-96EB-4268-A6F4-DE1F88598181}"
EndProject
Project("{2150E333-8FDC-42A3-9474-1A3956D46DE8}") = "Week 5", "Week 5", "{66F9D1BC-7579-4807-9087-DAA2405F2205}"
EndProject
Project("{2150E333-8FDC-42A3-9474-1A3956D46DE8}") = "Week 6", "Week 6", "{3073E61E-E0DA-4152-ADB1-3601BDAD16DC}"
EndProject
Project("{8BC9CEB8-8B4A-11D0-8D11-00A0C91BC942}") = "HelloWorld", "HelloWorld\HelloWorld.vcxproj", "{74838847-2813-408E-9266-A1443ECA88D5}"
EndProject
Project("{8BC9CEB8-8B4A-11D0-8D11-00A0C91BC942}") = "HeaderSource", "HeaderSource\HeaderSource.vcxproj", "{75ED046E-85B3-42C0-B9C8-B5AB26748F52}"
EndProject
Project("{8BC9CEB8-8B4A-11D0-8D11-00A0C91BC942}") = "Order", "Order\Order.vcxproj", "{3D3337DF-061C-4876-B271-E13A6EF4118A}"
EndProject
Project("{8BC9CEB8-8B4A-11D0-8D11-00A0C91BC942}") = "Declarations", "Declarations\Declarations.vcxproj", "{6DE5ACF6-9176-4CBD-9BFF-EB0ADABE875E}"
EndProject
Project("{8BC9CEB8-8B4A-11D0-8D11-00A0C91BC942}") = "StackHeap", "StackHeap\StackHeap.vcxproj", "{EFC5F326-1A52-49F1-8D8E-844EE29044B5}"
EndProject
Global
	GlobalSection(SolutionConfigurationPlatforms) = preSolution
		Debug|x64 = Debug|x64
		Debug|x86 = Debug|x86
		Release|x64 = Release|x64
		Release|x86 = Release|x86
	EndGlobalSection
	GlobalSection(ProjectConfigurationPlatforms) = postSolution
		{74838847-2813-408E-9266-A1443ECA88D5}.Debug|x64.ActiveCfg = Debug|x64
		{74838847-2813-408E-9266-A1443ECA88D5}.Debug|x64.Build.0 = Debug|x64
		{74838847-2813-408E-9266-A1443ECA88D5}.Debug|x86.ActiveCfg = Debug|Win32
		{74838847-2813-408E-9266-A1443ECA88D5}.Debug|x86.Build.0 = Debug|Win32
		{74838847-2813-408E-9266-A1443ECA88D5}.Release|x64.ActiveCfg = Release|x64
		{74838847-2813-408E-9266-A1443ECA88D5}.Release|x64.Build.0 = Release|x64
		{74838847-2813-408E-9266-A1443ECA88D5}.Release|x86.ActiveCfg = Release|Win32
		{74838847-2813-408E-9266-A1443ECA88D5}.Release|x86.Build.0 = Release|Win32
		{75ED046E-85B3-42C0-B9C8-B5AB26748F52}.Debug|x64.ActiveCfg = Debug|x64
		{75ED046E-85B3-42C0-B9C8-B5AB26748F52}.Debug|x64.Build.0 = Debug|x64
		{75ED046E-85B3-42C0-B9C8-B5AB26748F52}.Debug|x86.ActiveCfg = Debug|Win32
		{75ED046E-85B3-42C0-B9C8-B5AB26748F52}.Debug|x86.Build.0 = Debug|Win32
		{75ED046E-85B3-42C0-B9C8-B5AB26748F52}.Release|x64.ActiveCfg = Release|x64
		{75ED046E-85B3-42C0-B9C8-B5AB26748F52}.Release|x64.Build.0 = Release|x64
		{75ED046E-85B3-42C0-B9C8-B5AB26748F52}.Release|x86.ActiveCfg = Release|Win32
		{75ED046E-85B3-42C0-B9C8-B5AB26748F52}.Release|x86.Build.0 = Release|Win32
		{3D3337DF-061C-4876-B271-E13A6EF4118A}.Debug|x64.ActiveCfg = Debug|x64
		{3D3337DF-061C-4876-B271-E13A6EF4118A}.Debug|x64.Build.0 = Debug|x64
		{3D3337DF-061C-4876-B271-E13A6EF4118A}.Debug|x86.ActiveCfg = Debug|Win32
		{3D3337DF-061C-4876-B271-E13A6EF4118A}.Debug|x86.Build.0 = Debug|Win32
		{3D3337DF-061C-4876-B271-E13A6EF4118A}.Release|x64.ActiveCfg = Release|x64
		{3D3337DF-061C-4876-B271-E13A6EF4118A}.Release|x64.Build.0 = Release|x64
		{3D3337DF-061C-4876-B271-E13A6EF4118A}.Release|x86.ActiveCfg = Release|Win32
		{3D3337DF-061C-4876-B271-E13A6EF4118A}.Release|x86.Build.0 = Release|Win32
		{6DE5ACF6-9176-4CBD-9BFF-EB0ADABE875E}.Debug|x64.ActiveCfg = Debug|x64
		{6DE5ACF6-9176-4CBD-9BFF-EB0ADABE875E}.Debug|x64.Build.0 = Debug|x64
		{6DE5ACF6-9176-4CBD-9BFF-EB0ADABE875E}.Debug|x86.ActiveCfg = Debug|Win32
		{6DE5ACF6-9176-4CBD-9BFF-EB0ADABE875E}.Debug|x86.Build.0 = Debug|Win32
		{6DE5ACF6-9176-4CBD-9BFF-EB0ADABE875E}.Release|x64.ActiveCfg = Release|x64
		{6DE5ACF6-9176-4CBD-9BFF-EB0ADABE875E}.Release|x64.Build.0 = Release|x64
		{6DE5ACF6-9176-4CBD-9BFF-EB0ADABE875E}.Release|x86.ActiveCfg = Release|Win32
		{6DE5ACF6-9176-4CBD-9BFF-EB0ADABE875E}.Release|x86.Build.0 = Release|Win32
		{EFC5F326-1A52-49F1-8D8E-844EE29044B5}.Debug|x64.ActiveCfg = Debug|x64
		{EFC5F326-1A52-49F1-8D8E-844EE29044B5}.Debug|x64.Build.0 = Debug|x64
		{EFC5F326-1A52-49F1-8D8E-844EE29044B5}.Debug|x86.ActiveCfg = Debug|Win32
		{EFC5F326-1A52-49F1-8D8E-844EE29044B5}.Debug|x86.Build.0 = Debug|Win32
		{EFC5F326-1A52-49F1-8D8E-844EE29044B5}.Release|x64.ActiveCfg = Release|x64
		{EFC5F326-1A52-49F1-8D8E-844EE29044B5}.Release|x64.Build.0 = Release|x64
		{EFC5F326-1A52-49F1-8D8E-844EE29044B5}.Release|x86.ActiveCfg = Release|Win32
		{EFC5F326-1A52-49F1-8D8E-844EE29044B5}.Release|x86.Build.0 = Release|Win32
	EndGlobalSection
	GlobalSection(SolutionProperties) = preSolution
		HideSolutionNode = FALSE
	EndGlobalSection
	GlobalSection(NestedProjects) = preSolution
		{74838847-2813-408E-9266-A1443ECA88D5} = {4C743463-1D06-4936-B09B-14CCC2C5B23D}
		{75ED046E-85B3-42C0-B9C8-B5AB26748F52} = {4C743463-1D06-4936-B09B-14CCC2C5B23D}
		{3D3337DF-061C-4876-B271-E13A6EF4118A} = {4C743463-1D06-4936-B09B-14CCC2C5B23D}
		{6DE5ACF6-9176-4CBD-9BFF-EB0ADABE875E} = {4C743463-1D06-4936-B09B-14CCC2C5B23D}
		{EFC5F326-1A52-49F1-8D8E-844EE29044B5} = {4C743463-1D06-4936-B09B-14CCC2C5B23D}
	EndGlobalSection
	GlobalSection(ExtensibilityGlobals) = postSolution
		SolutionGuid = {0AE4952A-EA09-4EE1-8AF6-918B3BC37B3A}
	EndGlobalSection
EndGlobal
