
Microsoft Visual Studio Solution File, Format Version 12.00
# Visual Studio Version 17
VisualStudioVersion = 17.7.34018.315
MinimumVisualStudioVersion = 10.0.40219.1
Project("{2150E333-8FDC-42A3-9474-1A3956D46DE8}") = "Week 1", "Week 1", "{4C743463-1D06-4936-B09B-14CCC2C5B23D}"
EndProject
Project("{2150E333-8FDC-42A3-9474-1A3956D46DE8}") = "Week 2", "Week 2", "{5B2C9958-4833-4B4D-830B-48CE96A0311C}"
EndProject
Project("{2150E333-8FDC-42A3-9474-1A3956D46DE8}") = "Week 3", "Week 3", "{2DA45326-961F-410A-891D-04AA31308B2F}"
EndProject
Project("{2150E333-8FDC-42A3-9474-1A3956D46DE8}") = "Week 4", "Week 4", "{DC129A52-96EB-4268-A6F4-DE1F88598181}"
EndProject
Project("{2150E333-8FDC-42A3-9474-1A3956D46DE8}") = "Week 5", "Week 5", "{66F9D1BC-7579-4807-9087-DAA2405F2205}"
EndProject
Project("{2150E333-8FDC-42A3-9474-1A3956D46DE8}") = "Week 6", "Week 6", "{3073E61E-E0DA-4152-ADB1-3601BDAD16DC}"
EndProject
Project("{8BC9CEB8-8B4A-11D0-8D11-00A0C91BC942}") = "HelloWorld", "HelloWorld\HelloWorld.vcxproj", "{74838847-2813-408E-9266-A1443ECA88D5}"
EndProject
Project("{8BC9CEB8-8B4A-11D0-8D11-00A0C91BC942}") = "HeaderSource", "HeaderSource\HeaderSource.vcxproj", "{75ED046E-85B3-42C0-B9C8-B5AB26748F52}"
EndProject
Project("{8BC9CEB8-8B4A-11D0-8D11-00A0C91BC942}") = "Order", "Order\Order.vcxproj", "{3D3337DF-061C-4876-B271-E13A6EF4118A}"
EndProject
Project("{8BC9CEB8-8B4A-11D0-8D11-00A0C91BC942}") = "Declarations", "Declarations\Declarations.vcxproj", "{6DE5ACF6-9176-4CBD-9BFF-EB0ADABE875E}"
EndProject
Project("{8BC9CEB8-8B4A-11D0-8D11-00A0C91BC942}") = "StackHeap", "StackHeap\StackHeap.vcxproj", "{EFC5F326-1A52-49F1-8D8E-844EE29044B5}"
EndProject
Project("{8BC9CEB8-8B4A-11D0-8D11-00A0C91BC942}") = "Pointers", "Pointers\Pointers.vcxproj", "{E07CB45B-1FB3-40B8-BAA3-5FF1BCDA1F47}"
EndProject
Project("{8BC9CEB8-8B4A-11D0-8D11-00A0C91BC942}") = "ValueCall", "ValueCall\ValueCall.vcxproj", "{9246DADF-662D-45E0-B113-68575D5B9F55}"
EndProject
Project("{8BC9CEB8-8B4A-11D0-8D11-00A0C91BC942}") = "ReferenceCall", "ReferenceCall\ReferenceCall.vcxproj", "{F1FA4BE1-E044-4F74-B4EF-941130FFFE1C}"
EndProject
Project("{8BC9CEB8-8B4A-11D0-8D11-00A0C91BC942}") = "Favourites", "Favourites\Favourites.vcxproj", "{D4715B8B-290C-407E-99DE-D57F4406FEFD}"
EndProject
Project("{8BC9CEB8-8B4A-11D0-8D11-00A0C91BC942}") = "WeekDay", "WeekDay\WeekDay.vcxproj", "{6F5D7F84-7C86-4B2D-84A7-866C6567DBFE}"
EndProject
Project("{8BC9CEB8-8B4A-11D0-8D11-00A0C91BC942}") = "Leak", "Leak\Leak.vcxproj", "{BD748F85-108F-4E32-9440-DE1155FA03C0}"
EndProject
Project("{8BC9CEB8-8B4A-11D0-8D11-00A0C91BC942}") = "Name", "Name\Name.vcxproj", "{87A37C6D-8C5D-457B-A73B-E18E66F4CB6B}"
EndProject
Project("{8BC9CEB8-8B4A-11D0-8D11-00A0C91BC942}") = "Strings", "Strings\Strings.vcxproj", "{49C3EBAF-0B03-49CE-8916-F571B497966D}"
EndProject
Project("{8BC9CEB8-8B4A-11D0-8D11-00A0C91BC942}") = "Buffer", "Buffer\Buffer.vcxproj", "{9BDBE63C-0F25-4F93-BC65-2499083BA7DE}"
EndProject
Project("{8BC9CEB8-8B4A-11D0-8D11-00A0C91BC942}") = "BigNumbers", "BigNumbers\BigNumbers.vcxproj", "{3BF6B8A9-0B94-4D33-9DD5-002957D6B242}"
EndProject
Project("{8BC9CEB8-8B4A-11D0-8D11-00A0C91BC942}") = "Constants", "Constants\Constants.vcxproj", "{BBC7C441-4372-4156-A548-1912BACED3FA}"
EndProject
Project("{8BC9CEB8-8B4A-11D0-8D11-00A0C91BC942}") = "Constantinople", "Constantinople\Constantinople.vcxproj", "{73DDE174-D4EB-4257-9883-38C6D6B61119}"
EndProject
Project("{8BC9CEB8-8B4A-11D0-8D11-00A0C91BC942}") = "IntVector", "IntVector\IntVector.vcxproj", "{3594B288-DC38-49C4-BC55-70028683C45C}"
EndProject
Project("{8BC9CEB8-8B4A-11D0-8D11-00A0C91BC942}") = "Exceptions", "Exceptions\Exceptions.vcxproj", "{2BC4C9AA-2E30-444B-AFA3-666077F21F8B}"
EndProject
Project("{8BC9CEB8-8B4A-11D0-8D11-00A0C91BC942}") = "RAII", "RAII\RAII.vcxproj", "{62821C57-81B7-4A44-8B0A-51692517D930}"
EndProject
Project("{8BC9CEB8-8B4A-11D0-8D11-00A0C91BC942}") = "ByteBuffer", "ByteBuffer\ByteBuffer.vcxproj", "{7471485F-7B2D-4D79-9032-9B4F41111A62}"
EndProject
Project("{8BC9CEB8-8B4A-11D0-8D11-00A0C91BC942}") = "UniquePointer", "UniquePointer\UniquePointer.vcxproj", "{D85CC4E1-BF73-4611-83AB-C933CEE44630}"
EndProject
Project("{8BC9CEB8-8B4A-11D0-8D11-00A0C91BC942}") = "SharedPointer", "SharedPointer\SharedPointer.vcxproj", "{767F8C4C-82A1-4285-8408-62A500887814}"
EndProject
Project("{8BC9CEB8-8B4A-11D0-8D11-00A0C91BC942}") = "UniqueSharedPointer", "UniqueSharedPointer\UniqueSharedPointer.vcxproj", "{B0FF0109-103F-43D1-88E9-90CAB0195563}"
EndProject
Project("{8BC9CEB8-8B4A-11D0-8D11-00A0C91BC942}") = "Farm", "Farm\Farm.vcxproj", "{F1CBE1A7-D6BE-4D68-9AB3-59AF52B58FC1}"
EndProject
Project("{8BC9CEB8-8B4A-11D0-8D11-00A0C91BC942}") = "Iterators", "Iterators\Iterators.vcxproj", "{4A096820-ED34-4866-A4AD-AF66CDC4CE9A}"
EndProject
Project("{8BC9CEB8-8B4A-11D0-8D11-00A0C91BC942}") = "Algorithms", "Algorithms\Algorithms.vcxproj", "{0E715689-070D-487A-9483-4A2209424690}"
EndProject
Project("{8BC9CEB8-8B4A-11D0-8D11-00A0C91BC942}") = "InputOutput", "InputOutput\InputOutput.vcxproj", "{100BB5C3-3F72-443A-A7CD-3B2A41456CED}"
EndProject
Project("{8BC9CEB8-8B4A-11D0-8D11-00A0C91BC942}") = "Lambda", "Lambda\Lambda.vcxproj", "{70113BCB-28F1-47AF-AC0A-5F377165150A}"
EndProject
Project("{8BC9CEB8-8B4A-11D0-8D11-00A0C91BC942}") = "Observer", "Observer\Observer.vcxproj", "{35FE485D-4B8D-49EA-8191-F5A49DC3D6E8}"
EndProject
Global
	GlobalSection(SolutionConfigurationPlatforms) = preSolution
		Debug|x64 = Debug|x64
		Debug|x86 = Debug|x86
		Release|x64 = Release|x64
		Release|x86 = Release|x86
	EndGlobalSection
	GlobalSection(ProjectConfigurationPlatforms) = postSolution
		{74838847-2813-408E-9266-A1443ECA88D5}.Debug|x64.ActiveCfg = Debug|x64
		{74838847-2813-408E-9266-A1443ECA88D5}.Debug|x64.Build.0 = Debug|x64
		{74838847-2813-408E-9266-A1443ECA88D5}.Debug|x86.ActiveCfg = Debug|Win32
		{74838847-2813-408E-9266-A1443ECA88D5}.Debug|x86.Build.0 = Debug|Win32
		{74838847-2813-408E-9266-A1443ECA88D5}.Release|x64.ActiveCfg = Release|x64
		{74838847-2813-408E-9266-A1443ECA88D5}.Release|x64.Build.0 = Release|x64
		{74838847-2813-408E-9266-A1443ECA88D5}.Release|x86.ActiveCfg = Release|Win32
		{74838847-2813-408E-9266-A1443ECA88D5}.Release|x86.Build.0 = Release|Win32
		{75ED046E-85B3-42C0-B9C8-B5AB26748F52}.Debug|x64.ActiveCfg = Debug|x64
		{75ED046E-85B3-42C0-B9C8-B5AB26748F52}.Debug|x64.Build.0 = Debug|x64
		{75ED046E-85B3-42C0-B9C8-B5AB26748F52}.Debug|x86.ActiveCfg = Debug|Win32
		{75ED046E-85B3-42C0-B9C8-B5AB26748F52}.Debug|x86.Build.0 = Debug|Win32
		{75ED046E-85B3-42C0-B9C8-B5AB26748F52}.Release|x64.ActiveCfg = Release|x64
		{75ED046E-85B3-42C0-B9C8-B5AB26748F52}.Release|x64.Build.0 = Release|x64
		{75ED046E-85B3-42C0-B9C8-B5AB26748F52}.Release|x86.ActiveCfg = Release|Win32
		{75ED046E-85B3-42C0-B9C8-B5AB26748F52}.Release|x86.Build.0 = Release|Win32
		{3D3337DF-061C-4876-B271-E13A6EF4118A}.Debug|x64.ActiveCfg = Debug|x64
		{3D3337DF-061C-4876-B271-E13A6EF4118A}.Debug|x64.Build.0 = Debug|x64
		{3D3337DF-061C-4876-B271-E13A6EF4118A}.Debug|x86.ActiveCfg = Debug|Win32
		{3D3337DF-061C-4876-B271-E13A6EF4118A}.Debug|x86.Build.0 = Debug|Win32
		{3D3337DF-061C-4876-B271-E13A6EF4118A}.Release|x64.ActiveCfg = Release|x64
		{3D3337DF-061C-4876-B271-E13A6EF4118A}.Release|x64.Build.0 = Release|x64
		{3D3337DF-061C-4876-B271-E13A6EF4118A}.Release|x86.ActiveCfg = Release|Win32
		{3D3337DF-061C-4876-B271-E13A6EF4118A}.Release|x86.Build.0 = Release|Win32
		{6DE5ACF6-9176-4CBD-9BFF-EB0ADABE875E}.Debug|x64.ActiveCfg = Debug|x64
		{6DE5ACF6-9176-4CBD-9BFF-EB0ADABE875E}.Debug|x64.Build.0 = Debug|x64
		{6DE5ACF6-9176-4CBD-9BFF-EB0ADABE875E}.Debug|x86.ActiveCfg = Debug|Win32
		{6DE5ACF6-9176-4CBD-9BFF-EB0ADABE875E}.Debug|x86.Build.0 = Debug|Win32
		{6DE5ACF6-9176-4CBD-9BFF-EB0ADABE875E}.Release|x64.ActiveCfg = Release|x64
		{6DE5ACF6-9176-4CBD-9BFF-EB0ADABE875E}.Release|x64.Build.0 = Release|x64
		{6DE5ACF6-9176-4CBD-9BFF-EB0ADABE875E}.Release|x86.ActiveCfg = Release|Win32
		{6DE5ACF6-9176-4CBD-9BFF-EB0ADABE875E}.Release|x86.Build.0 = Release|Win32
		{EFC5F326-1A52-49F1-8D8E-844EE29044B5}.Debug|x64.ActiveCfg = Debug|x64
		{EFC5F326-1A52-49F1-8D8E-844EE29044B5}.Debug|x64.Build.0 = Debug|x64
		{EFC5F326-1A52-49F1-8D8E-844EE29044B5}.Debug|x86.ActiveCfg = Debug|Win32
		{EFC5F326-1A52-49F1-8D8E-844EE29044B5}.Debug|x86.Build.0 = Debug|Win32
		{EFC5F326-1A52-49F1-8D8E-844EE29044B5}.Release|x64.ActiveCfg = Release|x64
		{EFC5F326-1A52-49F1-8D8E-844EE29044B5}.Release|x64.Build.0 = Release|x64
		{EFC5F326-1A52-49F1-8D8E-844EE29044B5}.Release|x86.ActiveCfg = Release|Win32
		{EFC5F326-1A52-49F1-8D8E-844EE29044B5}.Release|x86.Build.0 = Release|Win32
		{E07CB45B-1FB3-40B8-BAA3-5FF1BCDA1F47}.Debug|x64.ActiveCfg = Debug|x64
		{E07CB45B-1FB3-40B8-BAA3-5FF1BCDA1F47}.Debug|x64.Build.0 = Debug|x64
		{E07CB45B-1FB3-40B8-BAA3-5FF1BCDA1F47}.Debug|x86.ActiveCfg = Debug|Win32
		{E07CB45B-1FB3-40B8-BAA3-5FF1BCDA1F47}.Debug|x86.Build.0 = Debug|Win32
		{E07CB45B-1FB3-40B8-BAA3-5FF1BCDA1F47}.Release|x64.ActiveCfg = Release|x64
		{E07CB45B-1FB3-40B8-BAA3-5FF1BCDA1F47}.Release|x64.Build.0 = Release|x64
		{E07CB45B-1FB3-40B8-BAA3-5FF1BCDA1F47}.Release|x86.ActiveCfg = Release|Win32
		{E07CB45B-1FB3-40B8-BAA3-5FF1BCDA1F47}.Release|x86.Build.0 = Release|Win32
		{9246DADF-662D-45E0-B113-68575D5B9F55}.Debug|x64.ActiveCfg = Debug|x64
		{9246DADF-662D-45E0-B113-68575D5B9F55}.Debug|x64.Build.0 = Debug|x64
		{9246DADF-662D-45E0-B113-68575D5B9F55}.Debug|x86.ActiveCfg = Debug|Win32
		{9246DADF-662D-45E0-B113-68575D5B9F55}.Debug|x86.Build.0 = Debug|Win32
		{9246DADF-662D-45E0-B113-68575D5B9F55}.Release|x64.ActiveCfg = Release|x64
		{9246DADF-662D-45E0-B113-68575D5B9F55}.Release|x64.Build.0 = Release|x64
		{9246DADF-662D-45E0-B113-68575D5B9F55}.Release|x86.ActiveCfg = Release|Win32
		{9246DADF-662D-45E0-B113-68575D5B9F55}.Release|x86.Build.0 = Release|Win32
		{F1FA4BE1-E044-4F74-B4EF-941130FFFE1C}.Debug|x64.ActiveCfg = Debug|x64
		{F1FA4BE1-E044-4F74-B4EF-941130FFFE1C}.Debug|x64.Build.0 = Debug|x64
		{F1FA4BE1-E044-4F74-B4EF-941130FFFE1C}.Debug|x86.ActiveCfg = Debug|Win32
		{F1FA4BE1-E044-4F74-B4EF-941130FFFE1C}.Debug|x86.Build.0 = Debug|Win32
		{F1FA4BE1-E044-4F74-B4EF-941130FFFE1C}.Release|x64.ActiveCfg = Release|x64
		{F1FA4BE1-E044-4F74-B4EF-941130FFFE1C}.Release|x64.Build.0 = Release|x64
		{F1FA4BE1-E044-4F74-B4EF-941130FFFE1C}.Release|x86.ActiveCfg = Release|Win32
		{F1FA4BE1-E044-4F74-B4EF-941130FFFE1C}.Release|x86.Build.0 = Release|Win32
		{D4715B8B-290C-407E-99DE-D57F4406FEFD}.Debug|x64.ActiveCfg = Debug|x64
		{D4715B8B-290C-407E-99DE-D57F4406FEFD}.Debug|x64.Build.0 = Debug|x64
		{D4715B8B-290C-407E-99DE-D57F4406FEFD}.Debug|x86.ActiveCfg = Debug|Win32
		{D4715B8B-290C-407E-99DE-D57F4406FEFD}.Debug|x86.Build.0 = Debug|Win32
		{D4715B8B-290C-407E-99DE-D57F4406FEFD}.Release|x64.ActiveCfg = Release|x64
		{D4715B8B-290C-407E-99DE-D57F4406FEFD}.Release|x64.Build.0 = Release|x64
		{D4715B8B-290C-407E-99DE-D57F4406FEFD}.Release|x86.ActiveCfg = Release|Win32
		{D4715B8B-290C-407E-99DE-D57F4406FEFD}.Release|x86.Build.0 = Release|Win32
		{6F5D7F84-7C86-4B2D-84A7-866C6567DBFE}.Debug|x64.ActiveCfg = Debug|x64
		{6F5D7F84-7C86-4B2D-84A7-866C6567DBFE}.Debug|x64.Build.0 = Debug|x64
		{6F5D7F84-7C86-4B2D-84A7-866C6567DBFE}.Debug|x86.ActiveCfg = Debug|Win32
		{6F5D7F84-7C86-4B2D-84A7-866C6567DBFE}.Debug|x86.Build.0 = Debug|Win32
		{6F5D7F84-7C86-4B2D-84A7-866C6567DBFE}.Release|x64.ActiveCfg = Release|x64
		{6F5D7F84-7C86-4B2D-84A7-866C6567DBFE}.Release|x64.Build.0 = Release|x64
		{6F5D7F84-7C86-4B2D-84A7-866C6567DBFE}.Release|x86.ActiveCfg = Release|Win32
		{6F5D7F84-7C86-4B2D-84A7-866C6567DBFE}.Release|x86.Build.0 = Release|Win32
		{BD748F85-108F-4E32-9440-DE1155FA03C0}.Debug|x64.ActiveCfg = Debug|x64
		{BD748F85-108F-4E32-9440-DE1155FA03C0}.Debug|x64.Build.0 = Debug|x64
		{BD748F85-108F-4E32-9440-DE1155FA03C0}.Debug|x86.ActiveCfg = Debug|Win32
		{BD748F85-108F-4E32-9440-DE1155FA03C0}.Debug|x86.Build.0 = Debug|Win32
		{BD748F85-108F-4E32-9440-DE1155FA03C0}.Release|x64.ActiveCfg = Release|x64
		{BD748F85-108F-4E32-9440-DE1155FA03C0}.Release|x64.Build.0 = Release|x64
		{BD748F85-108F-4E32-9440-DE1155FA03C0}.Release|x86.ActiveCfg = Release|Win32
		{BD748F85-108F-4E32-9440-DE1155FA03C0}.Release|x86.Build.0 = Release|Win32
		{87A37C6D-8C5D-457B-A73B-E18E66F4CB6B}.Debug|x64.ActiveCfg = Debug|x64
		{87A37C6D-8C5D-457B-A73B-E18E66F4CB6B}.Debug|x64.Build.0 = Debug|x64
		{87A37C6D-8C5D-457B-A73B-E18E66F4CB6B}.Debug|x86.ActiveCfg = Debug|Win32
		{87A37C6D-8C5D-457B-A73B-E18E66F4CB6B}.Debug|x86.Build.0 = Debug|Win32
		{87A37C6D-8C5D-457B-A73B-E18E66F4CB6B}.Release|x64.ActiveCfg = Release|x64
		{87A37C6D-8C5D-457B-A73B-E18E66F4CB6B}.Release|x64.Build.0 = Release|x64
		{87A37C6D-8C5D-457B-A73B-E18E66F4CB6B}.Release|x86.ActiveCfg = Release|Win32
		{87A37C6D-8C5D-457B-A73B-E18E66F4CB6B}.Release|x86.Build.0 = Release|Win32
		{49C3EBAF-0B03-49CE-8916-F571B497966D}.Debug|x64.ActiveCfg = Debug|x64
		{49C3EBAF-0B03-49CE-8916-F571B497966D}.Debug|x64.Build.0 = Debug|x64
		{49C3EBAF-0B03-49CE-8916-F571B497966D}.Debug|x86.ActiveCfg = Debug|Win32
		{49C3EBAF-0B03-49CE-8916-F571B497966D}.Debug|x86.Build.0 = Debug|Win32
		{49C3EBAF-0B03-49CE-8916-F571B497966D}.Release|x64.ActiveCfg = Release|x64
		{49C3EBAF-0B03-49CE-8916-F571B497966D}.Release|x64.Build.0 = Release|x64
		{49C3EBAF-0B03-49CE-8916-F571B497966D}.Release|x86.ActiveCfg = Release|Win32
		{49C3EBAF-0B03-49CE-8916-F571B497966D}.Release|x86.Build.0 = Release|Win32
		{9BDBE63C-0F25-4F93-BC65-2499083BA7DE}.Debug|x64.ActiveCfg = Debug|x64
		{9BDBE63C-0F25-4F93-BC65-2499083BA7DE}.Debug|x64.Build.0 = Debug|x64
		{9BDBE63C-0F25-4F93-BC65-2499083BA7DE}.Debug|x86.ActiveCfg = Debug|Win32
		{9BDBE63C-0F25-4F93-BC65-2499083BA7DE}.Debug|x86.Build.0 = Debug|Win32
		{9BDBE63C-0F25-4F93-BC65-2499083BA7DE}.Release|x64.ActiveCfg = Release|x64
		{9BDBE63C-0F25-4F93-BC65-2499083BA7DE}.Release|x64.Build.0 = Release|x64
		{9BDBE63C-0F25-4F93-BC65-2499083BA7DE}.Release|x86.ActiveCfg = Release|Win32
		{9BDBE63C-0F25-4F93-BC65-2499083BA7DE}.Release|x86.Build.0 = Release|Win32
		{3BF6B8A9-0B94-4D33-9DD5-002957D6B242}.Debug|x64.ActiveCfg = Debug|x64
		{3BF6B8A9-0B94-4D33-9DD5-002957D6B242}.Debug|x64.Build.0 = Debug|x64
		{3BF6B8A9-0B94-4D33-9DD5-002957D6B242}.Debug|x86.ActiveCfg = Debug|Win32
		{3BF6B8A9-0B94-4D33-9DD5-002957D6B242}.Debug|x86.Build.0 = Debug|Win32
		{3BF6B8A9-0B94-4D33-9DD5-002957D6B242}.Release|x64.ActiveCfg = Release|x64
		{3BF6B8A9-0B94-4D33-9DD5-002957D6B242}.Release|x64.Build.0 = Release|x64
		{3BF6B8A9-0B94-4D33-9DD5-002957D6B242}.Release|x86.ActiveCfg = Release|Win32
		{3BF6B8A9-0B94-4D33-9DD5-002957D6B242}.Release|x86.Build.0 = Release|Win32
		{BBC7C441-4372-4156-A548-1912BACED3FA}.Debug|x64.ActiveCfg = Debug|x64
		{BBC7C441-4372-4156-A548-1912BACED3FA}.Debug|x64.Build.0 = Debug|x64
		{BBC7C441-4372-4156-A548-1912BACED3FA}.Debug|x86.ActiveCfg = Debug|Win32
		{BBC7C441-4372-4156-A548-1912BACED3FA}.Debug|x86.Build.0 = Debug|Win32
		{BBC7C441-4372-4156-A548-1912BACED3FA}.Release|x64.ActiveCfg = Release|x64
		{BBC7C441-4372-4156-A548-1912BACED3FA}.Release|x64.Build.0 = Release|x64
		{BBC7C441-4372-4156-A548-1912BACED3FA}.Release|x86.ActiveCfg = Release|Win32
		{BBC7C441-4372-4156-A548-1912BACED3FA}.Release|x86.Build.0 = Release|Win32
		{73DDE174-D4EB-4257-9883-38C6D6B61119}.Debug|x64.ActiveCfg = Debug|x64
		{73DDE174-D4EB-4257-9883-38C6D6B61119}.Debug|x64.Build.0 = Debug|x64
		{73DDE174-D4EB-4257-9883-38C6D6B61119}.Debug|x86.ActiveCfg = Debug|Win32
		{73DDE174-D4EB-4257-9883-38C6D6B61119}.Debug|x86.Build.0 = Debug|Win32
		{73DDE174-D4EB-4257-9883-38C6D6B61119}.Release|x64.ActiveCfg = Release|x64
		{73DDE174-D4EB-4257-9883-38C6D6B61119}.Release|x64.Build.0 = Release|x64
		{73DDE174-D4EB-4257-9883-38C6D6B61119}.Release|x86.ActiveCfg = Release|Win32
		{73DDE174-D4EB-4257-9883-38C6D6B61119}.Release|x86.Build.0 = Release|Win32
		{3594B288-DC38-49C4-BC55-70028683C45C}.Debug|x64.ActiveCfg = Debug|x64
		{3594B288-DC38-49C4-BC55-70028683C45C}.Debug|x64.Build.0 = Debug|x64
		{3594B288-DC38-49C4-BC55-70028683C45C}.Debug|x86.ActiveCfg = Debug|Win32
		{3594B288-DC38-49C4-BC55-70028683C45C}.Debug|x86.Build.0 = Debug|Win32
		{3594B288-DC38-49C4-BC55-70028683C45C}.Release|x64.ActiveCfg = Release|x64
		{3594B288-DC38-49C4-BC55-70028683C45C}.Release|x64.Build.0 = Release|x64
		{3594B288-DC38-49C4-BC55-70028683C45C}.Release|x86.ActiveCfg = Release|Win32
		{3594B288-DC38-49C4-BC55-70028683C45C}.Release|x86.Build.0 = Release|Win32
		{2BC4C9AA-2E30-444B-AFA3-666077F21F8B}.Debug|x64.ActiveCfg = Debug|x64
		{2BC4C9AA-2E30-444B-AFA3-666077F21F8B}.Debug|x64.Build.0 = Debug|x64
		{2BC4C9AA-2E30-444B-AFA3-666077F21F8B}.Debug|x86.ActiveCfg = Debug|Win32
		{2BC4C9AA-2E30-444B-AFA3-666077F21F8B}.Debug|x86.Build.0 = Debug|Win32
		{2BC4C9AA-2E30-444B-AFA3-666077F21F8B}.Release|x64.ActiveCfg = Release|x64
		{2BC4C9AA-2E30-444B-AFA3-666077F21F8B}.Release|x64.Build.0 = Release|x64
		{2BC4C9AA-2E30-444B-AFA3-666077F21F8B}.Release|x86.ActiveCfg = Release|Win32
		{2BC4C9AA-2E30-444B-AFA3-666077F21F8B}.Release|x86.Build.0 = Release|Win32
		{62821C57-81B7-4A44-8B0A-51692517D930}.Debug|x64.ActiveCfg = Debug|x64
		{62821C57-81B7-4A44-8B0A-51692517D930}.Debug|x64.Build.0 = Debug|x64
		{62821C57-81B7-4A44-8B0A-51692517D930}.Debug|x86.ActiveCfg = Debug|Win32
		{62821C57-81B7-4A44-8B0A-51692517D930}.Debug|x86.Build.0 = Debug|Win32
		{62821C57-81B7-4A44-8B0A-51692517D930}.Release|x64.ActiveCfg = Release|x64
		{62821C57-81B7-4A44-8B0A-51692517D930}.Release|x64.Build.0 = Release|x64
		{62821C57-81B7-4A44-8B0A-51692517D930}.Release|x86.ActiveCfg = Release|Win32
		{62821C57-81B7-4A44-8B0A-51692517D930}.Release|x86.Build.0 = Release|Win32
		{7471485F-7B2D-4D79-9032-9B4F41111A62}.Debug|x64.ActiveCfg = Debug|x64
		{7471485F-7B2D-4D79-9032-9B4F41111A62}.Debug|x64.Build.0 = Debug|x64
		{7471485F-7B2D-4D79-9032-9B4F41111A62}.Debug|x86.ActiveCfg = Debug|Win32
		{7471485F-7B2D-4D79-9032-9B4F41111A62}.Debug|x86.Build.0 = Debug|Win32
		{7471485F-7B2D-4D79-9032-9B4F41111A62}.Release|x64.ActiveCfg = Release|x64
		{7471485F-7B2D-4D79-9032-9B4F41111A62}.Release|x64.Build.0 = Release|x64
		{7471485F-7B2D-4D79-9032-9B4F41111A62}.Release|x86.ActiveCfg = Release|Win32
		{7471485F-7B2D-4D79-9032-9B4F41111A62}.Release|x86.Build.0 = Release|Win32
		{D85CC4E1-BF73-4611-83AB-C933CEE44630}.Debug|x64.ActiveCfg = Debug|x64
		{D85CC4E1-BF73-4611-83AB-C933CEE44630}.Debug|x64.Build.0 = Debug|x64
		{D85CC4E1-BF73-4611-83AB-C933CEE44630}.Debug|x86.ActiveCfg = Debug|Win32
		{D85CC4E1-BF73-4611-83AB-C933CEE44630}.Debug|x86.Build.0 = Debug|Win32
		{D85CC4E1-BF73-4611-83AB-C933CEE44630}.Release|x64.ActiveCfg = Release|x64
		{D85CC4E1-BF73-4611-83AB-C933CEE44630}.Release|x64.Build.0 = Release|x64
		{D85CC4E1-BF73-4611-83AB-C933CEE44630}.Release|x86.ActiveCfg = Release|Win32
		{D85CC4E1-BF73-4611-83AB-C933CEE44630}.Release|x86.Build.0 = Release|Win32
		{767F8C4C-82A1-4285-8408-62A500887814}.Debug|x64.ActiveCfg = Debug|x64
		{767F8C4C-82A1-4285-8408-62A500887814}.Debug|x64.Build.0 = Debug|x64
		{767F8C4C-82A1-4285-8408-62A500887814}.Debug|x86.ActiveCfg = Debug|Win32
		{767F8C4C-82A1-4285-8408-62A500887814}.Debug|x86.Build.0 = Debug|Win32
		{767F8C4C-82A1-4285-8408-62A500887814}.Release|x64.ActiveCfg = Release|x64
		{767F8C4C-82A1-4285-8408-62A500887814}.Release|x64.Build.0 = Release|x64
		{767F8C4C-82A1-4285-8408-62A500887814}.Release|x86.ActiveCfg = Release|Win32
		{767F8C4C-82A1-4285-8408-62A500887814}.Release|x86.Build.0 = Release|Win32
		{B0FF0109-103F-43D1-88E9-90CAB0195563}.Debug|x64.ActiveCfg = Debug|x64
		{B0FF0109-103F-43D1-88E9-90CAB0195563}.Debug|x64.Build.0 = Debug|x64
		{B0FF0109-103F-43D1-88E9-90CAB0195563}.Debug|x86.ActiveCfg = Debug|Win32
		{B0FF0109-103F-43D1-88E9-90CAB0195563}.Debug|x86.Build.0 = Debug|Win32
		{B0FF0109-103F-43D1-88E9-90CAB0195563}.Release|x64.ActiveCfg = Release|x64
		{B0FF0109-103F-43D1-88E9-90CAB0195563}.Release|x64.Build.0 = Release|x64
		{B0FF0109-103F-43D1-88E9-90CAB0195563}.Release|x86.ActiveCfg = Release|Win32
		{B0FF0109-103F-43D1-88E9-90CAB0195563}.Release|x86.Build.0 = Release|Win32
		{F1CBE1A7-D6BE-4D68-9AB3-59AF52B58FC1}.Debug|x64.ActiveCfg = Debug|x64
		{F1CBE1A7-D6BE-4D68-9AB3-59AF52B58FC1}.Debug|x64.Build.0 = Debug|x64
		{F1CBE1A7-D6BE-4D68-9AB3-59AF52B58FC1}.Debug|x86.ActiveCfg = Debug|Win32
		{F1CBE1A7-D6BE-4D68-9AB3-59AF52B58FC1}.Debug|x86.Build.0 = Debug|Win32
		{F1CBE1A7-D6BE-4D68-9AB3-59AF52B58FC1}.Release|x64.ActiveCfg = Release|x64
		{F1CBE1A7-D6BE-4D68-9AB3-59AF52B58FC1}.Release|x64.Build.0 = Release|x64
		{F1CBE1A7-D6BE-4D68-9AB3-59AF52B58FC1}.Release|x86.ActiveCfg = Release|Win32
		{F1CBE1A7-D6BE-4D68-9AB3-59AF52B58FC1}.Release|x86.Build.0 = Release|Win32
		{4A096820-ED34-4866-A4AD-AF66CDC4CE9A}.Debug|x64.ActiveCfg = Debug|x64
		{4A096820-ED34-4866-A4AD-AF66CDC4CE9A}.Debug|x64.Build.0 = Debug|x64
		{4A096820-ED34-4866-A4AD-AF66CDC4CE9A}.Debug|x86.ActiveCfg = Debug|Win32
		{4A096820-ED34-4866-A4AD-AF66CDC4CE9A}.Debug|x86.Build.0 = Debug|Win32
		{4A096820-ED34-4866-A4AD-AF66CDC4CE9A}.Release|x64.ActiveCfg = Release|x64
		{4A096820-ED34-4866-A4AD-AF66CDC4CE9A}.Release|x64.Build.0 = Release|x64
		{4A096820-ED34-4866-A4AD-AF66CDC4CE9A}.Release|x86.ActiveCfg = Release|Win32
		{4A096820-ED34-4866-A4AD-AF66CDC4CE9A}.Release|x86.Build.0 = Release|Win32
		{0E715689-070D-487A-9483-4A2209424690}.Debug|x64.ActiveCfg = Debug|x64
		{0E715689-070D-487A-9483-4A2209424690}.Debug|x64.Build.0 = Debug|x64
		{0E715689-070D-487A-9483-4A2209424690}.Debug|x86.ActiveCfg = Debug|Win32
		{0E715689-070D-487A-9483-4A2209424690}.Debug|x86.Build.0 = Debug|Win32
		{0E715689-070D-487A-9483-4A2209424690}.Release|x64.ActiveCfg = Release|x64
		{0E715689-070D-487A-9483-4A2209424690}.Release|x64.Build.0 = Release|x64
		{0E715689-070D-487A-9483-4A2209424690}.Release|x86.ActiveCfg = Release|Win32
		{0E715689-070D-487A-9483-4A2209424690}.Release|x86.Build.0 = Release|Win32
		{100BB5C3-3F72-443A-A7CD-3B2A41456CED}.Debug|x64.ActiveCfg = Debug|x64
		{100BB5C3-3F72-443A-A7CD-3B2A41456CED}.Debug|x64.Build.0 = Debug|x64
		{100BB5C3-3F72-443A-A7CD-3B2A41456CED}.Debug|x86.ActiveCfg = Debug|Win32
		{100BB5C3-3F72-443A-A7CD-3B2A41456CED}.Debug|x86.Build.0 = Debug|Win32
		{100BB5C3-3F72-443A-A7CD-3B2A41456CED}.Release|x64.ActiveCfg = Release|x64
		{100BB5C3-3F72-443A-A7CD-3B2A41456CED}.Release|x64.Build.0 = Release|x64
		{100BB5C3-3F72-443A-A7CD-3B2A41456CED}.Release|x86.ActiveCfg = Release|Win32
		{100BB5C3-3F72-443A-A7CD-3B2A41456CED}.Release|x86.Build.0 = Release|Win32
		{70113BCB-28F1-47AF-AC0A-5F377165150A}.Debug|x64.ActiveCfg = Debug|x64
		{70113BCB-28F1-47AF-AC0A-5F377165150A}.Debug|x64.Build.0 = Debug|x64
		{70113BCB-28F1-47AF-AC0A-5F377165150A}.Debug|x86.ActiveCfg = Debug|Win32
		{70113BCB-28F1-47AF-AC0A-5F377165150A}.Debug|x86.Build.0 = Debug|Win32
		{70113BCB-28F1-47AF-AC0A-5F377165150A}.Release|x64.ActiveCfg = Release|x64
		{70113BCB-28F1-47AF-AC0A-5F377165150A}.Release|x64.Build.0 = Release|x64
		{70113BCB-28F1-47AF-AC0A-5F377165150A}.Release|x86.ActiveCfg = Release|Win32
		{70113BCB-28F1-47AF-AC0A-5F377165150A}.Release|x86.Build.0 = Release|Win32
		{35FE485D-4B8D-49EA-8191-F5A49DC3D6E8}.Debug|x64.ActiveCfg = Debug|x64
		{35FE485D-4B8D-49EA-8191-F5A49DC3D6E8}.Debug|x64.Build.0 = Debug|x64
		{35FE485D-4B8D-49EA-8191-F5A49DC3D6E8}.Debug|x86.ActiveCfg = Debug|Win32
		{35FE485D-4B8D-49EA-8191-F5A49DC3D6E8}.Debug|x86.Build.0 = Debug|Win32
		{35FE485D-4B8D-49EA-8191-F5A49DC3D6E8}.Release|x64.ActiveCfg = Release|x64
		{35FE485D-4B8D-49EA-8191-F5A49DC3D6E8}.Release|x64.Build.0 = Release|x64
		{35FE485D-4B8D-49EA-8191-F5A49DC3D6E8}.Release|x86.ActiveCfg = Release|Win32
		{35FE485D-4B8D-49EA-8191-F5A49DC3D6E8}.Release|x86.Build.0 = Release|Win32
	EndGlobalSection
	GlobalSection(SolutionProperties) = preSolution
		HideSolutionNode = FALSE
	EndGlobalSection
	GlobalSection(NestedProjects) = preSolution
		{74838847-2813-408E-9266-A1443ECA88D5} = {4C743463-1D06-4936-B09B-14CCC2C5B23D}
		{75ED046E-85B3-42C0-B9C8-B5AB26748F52} = {4C743463-1D06-4936-B09B-14CCC2C5B23D}
		{3D3337DF-061C-4876-B271-E13A6EF4118A} = {4C743463-1D06-4936-B09B-14CCC2C5B23D}
		{6DE5ACF6-9176-4CBD-9BFF-EB0ADABE875E} = {4C743463-1D06-4936-B09B-14CCC2C5B23D}
		{EFC5F326-1A52-49F1-8D8E-844EE29044B5} = {4C743463-1D06-4936-B09B-14CCC2C5B23D}
		{E07CB45B-1FB3-40B8-BAA3-5FF1BCDA1F47} = {5B2C9958-4833-4B4D-830B-48CE96A0311C}
		{9246DADF-662D-45E0-B113-68575D5B9F55} = {5B2C9958-4833-4B4D-830B-48CE96A0311C}
		{F1FA4BE1-E044-4F74-B4EF-941130FFFE1C} = {5B2C9958-4833-4B4D-830B-48CE96A0311C}
		{D4715B8B-290C-407E-99DE-D57F4406FEFD} = {5B2C9958-4833-4B4D-830B-48CE96A0311C}
		{6F5D7F84-7C86-4B2D-84A7-866C6567DBFE} = {5B2C9958-4833-4B4D-830B-48CE96A0311C}
		{BD748F85-108F-4E32-9440-DE1155FA03C0} = {5B2C9958-4833-4B4D-830B-48CE96A0311C}
		{87A37C6D-8C5D-457B-A73B-E18E66F4CB6B} = {5B2C9958-4833-4B4D-830B-48CE96A0311C}
		{49C3EBAF-0B03-49CE-8916-F571B497966D} = {5B2C9958-4833-4B4D-830B-48CE96A0311C}
		{9BDBE63C-0F25-4F93-BC65-2499083BA7DE} = {5B2C9958-4833-4B4D-830B-48CE96A0311C}
		{3BF6B8A9-0B94-4D33-9DD5-002957D6B242} = {5B2C9958-4833-4B4D-830B-48CE96A0311C}
		{BBC7C441-4372-4156-A548-1912BACED3FA} = {5B2C9958-4833-4B4D-830B-48CE96A0311C}
		{73DDE174-D4EB-4257-9883-38C6D6B61119} = {5B2C9958-4833-4B4D-830B-48CE96A0311C}
		{3594B288-DC38-49C4-BC55-70028683C45C} = {2DA45326-961F-410A-891D-04AA31308B2F}
		{2BC4C9AA-2E30-444B-AFA3-666077F21F8B} = {2DA45326-961F-410A-891D-04AA31308B2F}
		{62821C57-81B7-4A44-8B0A-51692517D930} = {DC129A52-96EB-4268-A6F4-DE1F88598181}
		{7471485F-7B2D-4D79-9032-9B4F41111A62} = {DC129A52-96EB-4268-A6F4-DE1F88598181}
		{D85CC4E1-BF73-4611-83AB-C933CEE44630} = {DC129A52-96EB-4268-A6F4-DE1F88598181}
		{767F8C4C-82A1-4285-8408-62A500887814} = {DC129A52-96EB-4268-A6F4-DE1F88598181}
		{B0FF0109-103F-43D1-88E9-90CAB0195563} = {DC129A52-96EB-4268-A6F4-DE1F88598181}
		{F1CBE1A7-D6BE-4D68-9AB3-59AF52B58FC1} = {66F9D1BC-7579-4807-9087-DAA2405F2205}
		{4A096820-ED34-4866-A4AD-AF66CDC4CE9A} = {66F9D1BC-7579-4807-9087-DAA2405F2205}
		{0E715689-070D-487A-9483-4A2209424690} = {3073E61E-E0DA-4152-ADB1-3601BDAD16DC}
		{100BB5C3-3F72-443A-A7CD-3B2A41456CED} = {3073E61E-E0DA-4152-ADB1-3601BDAD16DC}
		{70113BCB-28F1-47AF-AC0A-5F377165150A} = {3073E61E-E0DA-4152-ADB1-3601BDAD16DC}
		{35FE485D-4B8D-49EA-8191-F5A49DC3D6E8} = {3073E61E-E0DA-4152-ADB1-3601BDAD16DC}
	EndGlobalSection
	GlobalSection(ExtensibilityGlobals) = postSolution
		SolutionGuid = {0AE4952A-EA09-4EE1-8AF6-918B3BC37B3A}
	EndGlobalSection
EndGlobal
